
Microsoft Visual Studio Solution File, Format Version 12.00
# Visual Studio Version 16
VisualStudioVersion = 16.0.31205.134
MinimumVisualStudioVersion = 10.0.40219.1
Project("{2150E333-8FDC-42A3-9474-1A3956D46DE8}") = "src", "src", "{DA76ACE6-D85C-4C2F-9547-2559155F3885}"
EndProject
Project("{2150E333-8FDC-42A3-9474-1A3956D46DE8}") = "ApiGateways", "ApiGateways", "{6C042302-38E1-4968-A187-7222A17422AF}"
EndProject
Project("{2150E333-8FDC-42A3-9474-1A3956D46DE8}") = "Services", "Services", "{49AC5A0C-93FC-42BD-9822-6949D756E2EC}"
EndProject
Project("{2150E333-8FDC-42A3-9474-1A3956D46DE8}") = "Order", "Order", "{436CA211-164B-41A8-A623-8171D5855D03}"
EndProject
Project("{2150E333-8FDC-42A3-9474-1A3956D46DE8}") = "Product", "Product", "{A057BF26-278D-47AC-99F4-6C544FC5957B}"
EndProject
Project("{2150E333-8FDC-42A3-9474-1A3956D46DE8}") = "Basket", "Basket", "{1A920CC0-878B-4986-993B-C6208EEE67D0}"
EndProject
Project("{2150E333-8FDC-42A3-9474-1A3956D46DE8}") = "Payment", "Payment", "{A59CB7BA-5405-4680-887F-2BC1F8EC943B}"
EndProject
Project("{2150E333-8FDC-42A3-9474-1A3956D46DE8}") = "Discount", "Discount", "{CE140C81-A014-4C5A-9621-A16A0C0D33EB}"
EndProject
Project("{9A19103F-16F7-4668-BE54-9A1E7A4F7556}") = "Product.API", "src\Services\Product\Product.API\Product.API.csproj", "{6C4CB037-345B-416E-82EA-6ED2B905644B}"
EndProject
Project("{9A19103F-16F7-4668-BE54-9A1E7A4F7556}") = "Payment.API", "src\Services\Payment\Payment.API\Payment.API.csproj", "{6FE0491F-6DB5-49F5-AF5B-045B7334F656}"
EndProject
Project("{9A19103F-16F7-4668-BE54-9A1E7A4F7556}") = "Order.API", "src\Services\Order\Order.API\Order.API.csproj", "{81DBED75-C8EE-4733-A663-3C34013D7F67}"
EndProject
Project("{9A19103F-16F7-4668-BE54-9A1E7A4F7556}") = "Order.Application", "src\Services\Order\Order.Application\Order.Application.csproj", "{BB83ADE7-6037-4BD0-B556-C2A81C189D7A}"
EndProject
Project("{9A19103F-16F7-4668-BE54-9A1E7A4F7556}") = "Order.Domain", "src\Services\Order\Order.Domain\Order.Domain.csproj", "{95AE82FB-E2C5-4792-8899-E722FD67578A}"
EndProject
Project("{9A19103F-16F7-4668-BE54-9A1E7A4F7556}") = "Order.Domain.Core", "src\Services\Order\Order.Domain.Core\Order.Domain.Core.csproj", "{126C29C7-2A0D-4618-925E-EE0E768882F9}"
EndProject
Project("{9A19103F-16F7-4668-BE54-9A1E7A4F7556}") = "Order.Infrastructure", "src\Services\Order\Order.Infrastructure\Order.Infrastructure.csproj", "{B174F790-92C8-4F4F-97FF-00D2B54B6E4F}"
EndProject
Project("{9A19103F-16F7-4668-BE54-9A1E7A4F7556}") = "Discount.API", "src\Services\Discount\Discount.API\Discount.API.csproj", "{A9FC0F97-5299-42EF-98B7-C651285D3FAB}"
EndProject
Project("{9A19103F-16F7-4668-BE54-9A1E7A4F7556}") = "Basket.API", "src\Services\Basket\Basket.API\Basket.API.csproj", "{6EC13832-CFD9-4EDA-909B-97E514DD5A1C}"
EndProject
Project("{9A19103F-16F7-4668-BE54-9A1E7A4F7556}") = "ApiGateways.Web", "src\ApiGateways\ApiGateways.Web\ApiGateways.Web.csproj", "{B22FEDF2-D86F-438F-8985-12B0C8FE3FE1}"
EndProject
Project("{2150E333-8FDC-42A3-9474-1A3956D46DE8}") = "Solution Items", "Solution Items", "{50583B4C-FA69-449A-9ED2-771FFCEED14E}"
	ProjectSection(SolutionItems) = preProject
		settings.txt = settings.txt
	EndProjectSection
EndProject
Project("{2150E333-8FDC-42A3-9474-1A3956D46DE8}") = "Shared", "Shared", "{A55CFA72-D394-46C6-B16B-4C3AAEF15820}"
EndProject
Project("{9A19103F-16F7-4668-BE54-9A1E7A4F7556}") = "Shared", "src\Shared\Shared.csproj", "{4862424B-5E1B-4DCC-85F6-FB2DD7D161C3}"
EndProject
Project("{2150E333-8FDC-42A3-9474-1A3956D46DE8}") = "IdentityServer", "IdentityServer", "{F781A4BA-6222-40DD-A42F-A94BCE9BE810}"
EndProject
Project("{9A19103F-16F7-4668-BE54-9A1E7A4F7556}") = "IdentityServer", "src\IdentityServer\IdentityServer.csproj", "{18195FA0-CD0A-4579-9009-4329C0386CF4}"
EndProject
Global
	GlobalSection(SolutionConfigurationPlatforms) = preSolution
		Debug|Any CPU = Debug|Any CPU
		Release|Any CPU = Release|Any CPU
	EndGlobalSection
	GlobalSection(ProjectConfigurationPlatforms) = postSolution
		{6C4CB037-345B-416E-82EA-6ED2B905644B}.Debug|Any CPU.ActiveCfg = Debug|Any CPU
		{6C4CB037-345B-416E-82EA-6ED2B905644B}.Debug|Any CPU.Build.0 = Debug|Any CPU
		{6C4CB037-345B-416E-82EA-6ED2B905644B}.Release|Any CPU.ActiveCfg = Release|Any CPU
		{6C4CB037-345B-416E-82EA-6ED2B905644B}.Release|Any CPU.Build.0 = Release|Any CPU
		{6FE0491F-6DB5-49F5-AF5B-045B7334F656}.Debug|Any CPU.ActiveCfg = Debug|Any CPU
		{6FE0491F-6DB5-49F5-AF5B-045B7334F656}.Debug|Any CPU.Build.0 = Debug|Any CPU
		{6FE0491F-6DB5-49F5-AF5B-045B7334F656}.Release|Any CPU.ActiveCfg = Release|Any CPU
		{6FE0491F-6DB5-49F5-AF5B-045B7334F656}.Release|Any CPU.Build.0 = Release|Any CPU
		{81DBED75-C8EE-4733-A663-3C34013D7F67}.Debug|Any CPU.ActiveCfg = Debug|Any CPU
		{81DBED75-C8EE-4733-A663-3C34013D7F67}.Debug|Any CPU.Build.0 = Debug|Any CPU
		{81DBED75-C8EE-4733-A663-3C34013D7F67}.Release|Any CPU.ActiveCfg = Release|Any CPU
		{81DBED75-C8EE-4733-A663-3C34013D7F67}.Release|Any CPU.Build.0 = Release|Any CPU
		{BB83ADE7-6037-4BD0-B556-C2A81C189D7A}.Debug|Any CPU.ActiveCfg = Debug|Any CPU
		{BB83ADE7-6037-4BD0-B556-C2A81C189D7A}.Debug|Any CPU.Build.0 = Debug|Any CPU
		{BB83ADE7-6037-4BD0-B556-C2A81C189D7A}.Release|Any CPU.ActiveCfg = Release|Any CPU
		{BB83ADE7-6037-4BD0-B556-C2A81C189D7A}.Release|Any CPU.Build.0 = Release|Any CPU
		{95AE82FB-E2C5-4792-8899-E722FD67578A}.Debug|Any CPU.ActiveCfg = Debug|Any CPU
		{95AE82FB-E2C5-4792-8899-E722FD67578A}.Debug|Any CPU.Build.0 = Debug|Any CPU
		{95AE82FB-E2C5-4792-8899-E722FD67578A}.Release|Any CPU.ActiveCfg = Release|Any CPU
		{95AE82FB-E2C5-4792-8899-E722FD67578A}.Release|Any CPU.Build.0 = Release|Any CPU
		{126C29C7-2A0D-4618-925E-EE0E768882F9}.Debug|Any CPU.ActiveCfg = Debug|Any CPU
		{126C29C7-2A0D-4618-925E-EE0E768882F9}.Debug|Any CPU.Build.0 = Debug|Any CPU
		{126C29C7-2A0D-4618-925E-EE0E768882F9}.Release|Any CPU.ActiveCfg = Release|Any CPU
		{126C29C7-2A0D-4618-925E-EE0E768882F9}.Release|Any CPU.Build.0 = Release|Any CPU
		{B174F790-92C8-4F4F-97FF-00D2B54B6E4F}.Debug|Any CPU.ActiveCfg = Debug|Any CPU
		{B174F790-92C8-4F4F-97FF-00D2B54B6E4F}.Debug|Any CPU.Build.0 = Debug|Any CPU
		{B174F790-92C8-4F4F-97FF-00D2B54B6E4F}.Release|Any CPU.ActiveCfg = Release|Any CPU
		{B174F790-92C8-4F4F-97FF-00D2B54B6E4F}.Release|Any CPU.Build.0 = Release|Any CPU
		{A9FC0F97-5299-42EF-98B7-C651285D3FAB}.Debug|Any CPU.ActiveCfg = Debug|Any CPU
		{A9FC0F97-5299-42EF-98B7-C651285D3FAB}.Debug|Any CPU.Build.0 = Debug|Any CPU
		{A9FC0F97-5299-42EF-98B7-C651285D3FAB}.Release|Any CPU.ActiveCfg = Release|Any CPU
		{A9FC0F97-5299-42EF-98B7-C651285D3FAB}.Release|Any CPU.Build.0 = Release|Any CPU
		{6EC13832-CFD9-4EDA-909B-97E514DD5A1C}.Debug|Any CPU.ActiveCfg = Debug|Any CPU
		{6EC13832-CFD9-4EDA-909B-97E514DD5A1C}.Debug|Any CPU.Build.0 = Debug|Any CPU
		{6EC13832-CFD9-4EDA-909B-97E514DD5A1C}.Release|Any CPU.ActiveCfg = Release|Any CPU
		{6EC13832-CFD9-4EDA-909B-97E514DD5A1C}.Release|Any CPU.Build.0 = Release|Any CPU
		{B22FEDF2-D86F-438F-8985-12B0C8FE3FE1}.Debug|Any CPU.ActiveCfg = Debug|Any CPU
		{B22FEDF2-D86F-438F-8985-12B0C8FE3FE1}.Debug|Any CPU.Build.0 = Debug|Any CPU
		{B22FEDF2-D86F-438F-8985-12B0C8FE3FE1}.Release|Any CPU.ActiveCfg = Release|Any CPU
		{B22FEDF2-D86F-438F-8985-12B0C8FE3FE1}.Release|Any CPU.Build.0 = Release|Any CPU
		{4862424B-5E1B-4DCC-85F6-FB2DD7D161C3}.Debug|Any CPU.ActiveCfg = Debug|Any CPU
		{4862424B-5E1B-4DCC-85F6-FB2DD7D161C3}.Debug|Any CPU.Build.0 = Debug|Any CPU
		{4862424B-5E1B-4DCC-85F6-FB2DD7D161C3}.Release|Any CPU.ActiveCfg = Release|Any CPU
		{4862424B-5E1B-4DCC-85F6-FB2DD7D161C3}.Release|Any CPU.Build.0 = Release|Any CPU
		{18195FA0-CD0A-4579-9009-4329C0386CF4}.Debug|Any CPU.ActiveCfg = Debug|Any CPU
		{18195FA0-CD0A-4579-9009-4329C0386CF4}.Debug|Any CPU.Build.0 = Debug|Any CPU
		{18195FA0-CD0A-4579-9009-4329C0386CF4}.Release|Any CPU.ActiveCfg = Release|Any CPU
		{18195FA0-CD0A-4579-9009-4329C0386CF4}.Release|Any CPU.Build.0 = Release|Any CPU
	EndGlobalSection
	GlobalSection(SolutionProperties) = preSolution
		HideSolutionNode = FALSE
	EndGlobalSection
	GlobalSection(NestedProjects) = preSolution
		{6C042302-38E1-4968-A187-7222A17422AF} = {DA76ACE6-D85C-4C2F-9547-2559155F3885}
		{49AC5A0C-93FC-42BD-9822-6949D756E2EC} = {DA76ACE6-D85C-4C2F-9547-2559155F3885}
		{436CA211-164B-41A8-A623-8171D5855D03} = {49AC5A0C-93FC-42BD-9822-6949D756E2EC}
		{A057BF26-278D-47AC-99F4-6C544FC5957B} = {49AC5A0C-93FC-42BD-9822-6949D756E2EC}
		{1A920CC0-878B-4986-993B-C6208EEE67D0} = {49AC5A0C-93FC-42BD-9822-6949D756E2EC}
		{A59CB7BA-5405-4680-887F-2BC1F8EC943B} = {49AC5A0C-93FC-42BD-9822-6949D756E2EC}
		{CE140C81-A014-4C5A-9621-A16A0C0D33EB} = {49AC5A0C-93FC-42BD-9822-6949D756E2EC}
		{6C4CB037-345B-416E-82EA-6ED2B905644B} = {A057BF26-278D-47AC-99F4-6C544FC5957B}
		{6FE0491F-6DB5-49F5-AF5B-045B7334F656} = {A59CB7BA-5405-4680-887F-2BC1F8EC943B}
		{81DBED75-C8EE-4733-A663-3C34013D7F67} = {436CA211-164B-41A8-A623-8171D5855D03}
		{BB83ADE7-6037-4BD0-B556-C2A81C189D7A} = {436CA211-164B-41A8-A623-8171D5855D03}
		{95AE82FB-E2C5-4792-8899-E722FD67578A} = {436CA211-164B-41A8-A623-8171D5855D03}
		{126C29C7-2A0D-4618-925E-EE0E768882F9} = {436CA211-164B-41A8-A623-8171D5855D03}
		{B174F790-92C8-4F4F-97FF-00D2B54B6E4F} = {436CA211-164B-41A8-A623-8171D5855D03}
		{A9FC0F97-5299-42EF-98B7-C651285D3FAB} = {CE140C81-A014-4C5A-9621-A16A0C0D33EB}
		{6EC13832-CFD9-4EDA-909B-97E514DD5A1C} = {1A920CC0-878B-4986-993B-C6208EEE67D0}
		{B22FEDF2-D86F-438F-8985-12B0C8FE3FE1} = {6C042302-38E1-4968-A187-7222A17422AF}
		{A55CFA72-D394-46C6-B16B-4C3AAEF15820} = {DA76ACE6-D85C-4C2F-9547-2559155F3885}
		{4862424B-5E1B-4DCC-85F6-FB2DD7D161C3} = {A55CFA72-D394-46C6-B16B-4C3AAEF15820}
		{F781A4BA-6222-40DD-A42F-A94BCE9BE810} = {DA76ACE6-D85C-4C2F-9547-2559155F3885}
		{18195FA0-CD0A-4579-9009-4329C0386CF4} = {F781A4BA-6222-40DD-A42F-A94BCE9BE810}
	EndGlobalSection
	GlobalSection(ExtensibilityGlobals) = postSolution
		SolutionGuid = {9062A97D-FC7B-4054-861E-0FCEC745631F}
	EndGlobalSection
EndGlobal
